
Microsoft Visual Studio Solution File, Format Version 11.00
# Visual Studio 2010
Project("{FAE04EC0-301F-11D3-BF4B-00C04F79EFBC}") = "Assembly-CSharp", "Assembly-CSharp.csproj", "{50d81602-91f0-83a1-f7c6-a6883a4ed499}"
EndProject
Project("{FAE04EC0-301F-11D3-BF4B-00C04F79EFBC}") = "Assembly-CSharp-firstpass", "Assembly-CSharp-firstpass.csproj", "{b8b4dc1f-3cbb-abf1-ee32-0a445e127f81}"
EndProject
Project("{FAE04EC0-301F-11D3-BF4B-00C04F79EFBC}") = "Assembly-CSharp-Editor-firstpass", "Assembly-CSharp-Editor-firstpass.csproj", "{0be9bcf9-9d39-5e03-b22e-5e8552d098c6}"
EndProject
Global
	GlobalSection(SolutionConfigurationPlatforms) = preSolution
		Debug|Any CPU = Debug|Any CPU
	EndGlobalSection
	GlobalSection(ProjectConfigurationPlatforms) = postSolution
		{50d81602-91f0-83a1-f7c6-a6883a4ed499}.Debug|Any CPU.ActiveCfg = Debug|Any CPU
		{50d81602-91f0-83a1-f7c6-a6883a4ed499}.Debug|Any CPU.Build.0 = Debug|Any CPU
		{b8b4dc1f-3cbb-abf1-ee32-0a445e127f81}.Debug|Any CPU.ActiveCfg = Debug|Any CPU
		{b8b4dc1f-3cbb-abf1-ee32-0a445e127f81}.Debug|Any CPU.Build.0 = Debug|Any CPU
		{0be9bcf9-9d39-5e03-b22e-5e8552d098c6}.Debug|Any CPU.ActiveCfg = Debug|Any CPU
		{0be9bcf9-9d39-5e03-b22e-5e8552d098c6}.Debug|Any CPU.Build.0 = Debug|Any CPU
	EndGlobalSection
	GlobalSection(SolutionProperties) = preSolution
		HideSolutionNode = FALSE
	EndGlobalSection
EndGlobal
